# THIS IS AN AUTOGENERATED FILE. DO NOT EDIT THIS FILE DIRECTLY.
# yarn lockfile v1


"@types/lodash@^4.14.135":
  version "4.14.135"
  resolved "https://registry.npm.taobao.org/@types/lodash/download/@types/lodash-4.14.135.tgz#d2607c35dd68f70c2b35ba020c667493dedd8447"
  integrity sha1-0mB8Nd1o9wwrNboCDGZ0k97dhEc=

lodash@^4.17.11:
  version "4.17.11"
  resolved "https://registry.npm.taobao.org/lodash/download/lodash-4.17.11.tgz#b39ea6229ef607ecd89e2c8df12536891cac9b8d"
  integrity sha1-s56mIp72B+zYniyN8SU2iRysm40=

typescript@^3.5.2:
  version "3.5.2"
  resolved "https://registry.npm.taobao.org/typescript/download/typescript-3.5.2.tgz?cache=0&sync_timestamp=1562221027743&other_urls=https%3A%2F%2Fregistry.npm.taobao.org%2Ftypescript%2Fdownload%2Ftypescript-3.5.2.tgz#a09e1dc69bc9551cadf17dba10ee42cf55e5d56c"
  integrity sha1-oJ4dxpvJVRyt8X26EO5Cz1Xl1Ww=
